
Microsoft Visual Studio Solution File, Format Version 12.00
# Visual Studio Version 17
VisualStudioVersion = 17.0.31903.59
MinimumVisualStudioVersion = 10.0.40219.1
Project("{FAE04EC0-301F-11D3-BF4B-00C04F79EFBC}") = "Application with Variables", "Application with Variables\Application with Variables.csproj", "{9BF624EA-8C81-482F-8AB2-9B263C82089F}"
EndProject
Global
	GlobalSection(SolutionConfigurationPlatforms) = preSolution
		Debug|Any CPU = Debug|Any CPU
		Release|Any CPU = Release|Any CPU
	EndGlobalSection
	GlobalSection(SolutionProperties) = preSolution
		HideSolutionNode = FALSE
	EndGlobalSection
	GlobalSection(ProjectConfigurationPlatforms) = postSolution
		{9BF624EA-8C81-482F-8AB2-9B263C82089F}.Debug|Any CPU.ActiveCfg = Debug|Any CPU
		{9BF624EA-8C81-482F-8AB2-9B263C82089F}.Debug|Any CPU.Build.0 = Debug|Any CPU
		{9BF624EA-8C81-482F-8AB2-9B263C82089F}.Release|Any CPU.ActiveCfg = Release|Any CPU
		{9BF624EA-8C81-482F-8AB2-9B263C82089F}.Release|Any CPU.Build.0 = Release|Any CPU
	EndGlobalSection
EndGlobal
