
Microsoft Visual Studio Solution File, Format Version 12.00
# Visual Studio Version 17
VisualStudioVersion = 17.0.31903.59
MinimumVisualStudioVersion = 10.0.40219.1
Project("{FAE04EC0-301F-11D3-BF4B-00C04F79EFBC}") = "Application with Variables", "Application with Variables\Application with Variables.csproj", "{9BF624EA-8C81-482F-8AB2-9B263C82089F}"
EndProject
Project("{FAE04EC0-301F-11D3-BF4B-00C04F79EFBC}") = "Contact Me", "Contact Me\Contact Me.csproj", "{03C2A8B3-10B7-44B5-A89D-4B747145498F}"
EndProject
Project("{FAE04EC0-301F-11D3-BF4B-00C04F79EFBC}") = "Practice If-Else", "Practice If-Else\Practice If-Else.csproj", "{DC651CB3-5FE9-4DAE-8234-52DBF5BE6DF4}"
EndProject
Project("{FAE04EC0-301F-11D3-BF4B-00C04F79EFBC}") = "Manav Projesi - Greengrocer Project", "Manav Projesi - Greengrocer Project\Manav Projesi - Greengrocer Project.csproj", "{9CD8E3A8-EC73-4BEE-BB3B-0CE7CD4F7ABF}"
EndProject
Project("{FAE04EC0-301F-11D3-BF4B-00C04F79EFBC}") = "Kim Milyoner Olmak İster Oyunu - Quiz Game", "Kim Milyoner Olmak İster Oyunu - Quiz Game\Kim Milyoner Olmak İster Oyunu - Quiz Game.csproj", "{2BD191EF-98C7-4E3A-ADC1-C70116D05251}"
EndProject
Global
	GlobalSection(SolutionConfigurationPlatforms) = preSolution
		Debug|Any CPU = Debug|Any CPU
		Release|Any CPU = Release|Any CPU
	EndGlobalSection
	GlobalSection(ProjectConfigurationPlatforms) = postSolution
		{9BF624EA-8C81-482F-8AB2-9B263C82089F}.Debug|Any CPU.ActiveCfg = Debug|Any CPU
		{9BF624EA-8C81-482F-8AB2-9B263C82089F}.Debug|Any CPU.Build.0 = Debug|Any CPU
		{9BF624EA-8C81-482F-8AB2-9B263C82089F}.Release|Any CPU.ActiveCfg = Release|Any CPU
		{9BF624EA-8C81-482F-8AB2-9B263C82089F}.Release|Any CPU.Build.0 = Release|Any CPU
		{03C2A8B3-10B7-44B5-A89D-4B747145498F}.Debug|Any CPU.ActiveCfg = Debug|Any CPU
		{03C2A8B3-10B7-44B5-A89D-4B747145498F}.Debug|Any CPU.Build.0 = Debug|Any CPU
		{03C2A8B3-10B7-44B5-A89D-4B747145498F}.Release|Any CPU.ActiveCfg = Release|Any CPU
		{03C2A8B3-10B7-44B5-A89D-4B747145498F}.Release|Any CPU.Build.0 = Release|Any CPU
		{DC651CB3-5FE9-4DAE-8234-52DBF5BE6DF4}.Debug|Any CPU.ActiveCfg = Debug|Any CPU
		{DC651CB3-5FE9-4DAE-8234-52DBF5BE6DF4}.Debug|Any CPU.Build.0 = Debug|Any CPU
		{DC651CB3-5FE9-4DAE-8234-52DBF5BE6DF4}.Release|Any CPU.ActiveCfg = Release|Any CPU
		{DC651CB3-5FE9-4DAE-8234-52DBF5BE6DF4}.Release|Any CPU.Build.0 = Release|Any CPU
		{9CD8E3A8-EC73-4BEE-BB3B-0CE7CD4F7ABF}.Debug|Any CPU.ActiveCfg = Debug|Any CPU
		{9CD8E3A8-EC73-4BEE-BB3B-0CE7CD4F7ABF}.Debug|Any CPU.Build.0 = Debug|Any CPU
		{9CD8E3A8-EC73-4BEE-BB3B-0CE7CD4F7ABF}.Release|Any CPU.ActiveCfg = Release|Any CPU
		{9CD8E3A8-EC73-4BEE-BB3B-0CE7CD4F7ABF}.Release|Any CPU.Build.0 = Release|Any CPU
		{2BD191EF-98C7-4E3A-ADC1-C70116D05251}.Debug|Any CPU.ActiveCfg = Debug|Any CPU
		{2BD191EF-98C7-4E3A-ADC1-C70116D05251}.Debug|Any CPU.Build.0 = Debug|Any CPU
		{2BD191EF-98C7-4E3A-ADC1-C70116D05251}.Release|Any CPU.ActiveCfg = Release|Any CPU
		{2BD191EF-98C7-4E3A-ADC1-C70116D05251}.Release|Any CPU.Build.0 = Release|Any CPU
	EndGlobalSection
	GlobalSection(SolutionProperties) = preSolution
		HideSolutionNode = FALSE
	EndGlobalSection
EndGlobal
